// !$*UTF8*$!
{
	archiveVersion = 1;
	classes = {
	};
	objectVersion = 46;
	objects = {

/* Begin PBXBuildFile section */
		F1E85767247F8F75004749D9 /* AppDelegate.swift in Sources */ = {isa = PBXBuildFile; fileRef = F1E85766247F8F75004749D9 /* AppDelegate.swift */; };
		F1E85769247F8F75004749D9 /* ViewController.swift in Sources */ = {isa = PBXBuildFile; fileRef = F1E85768247F8F75004749D9 /* ViewController.swift */; };
		F1E8576C247F8F75004749D9 /* Main.storyboard in Resources */ = {isa = PBXBuildFile; fileRef = F1E8576A247F8F75004749D9 /* Main.storyboard */; };
		F1E8576E247F8F75004749D9 /* Assets.xcassets in Resources */ = {isa = PBXBuildFile; fileRef = F1E8576D247F8F75004749D9 /* Assets.xcassets */; };
		F1E85771247F8F75004749D9 /* LaunchScreen.storyboard in Resources */ = {isa = PBXBuildFile; fileRef = F1E8576F247F8F75004749D9 /* LaunchScreen.storyboard */; };
		F1E8577A247F9AE4004749D9 /* KeyboardView.swift in Sources */ = {isa = PBXBuildFile; fileRef = F1E85779247F9AE3004749D9 /* KeyboardView.swift */; };
		F1E8577C247F9B80004749D9 /* KeyboardView.xib in Resources */ = {isa = PBXBuildFile; fileRef = F1E8577B247F9B80004749D9 /* KeyboardView.xib */; };
		F1E8577F247FAD5E004749D9 /* CircleButton.swift in Sources */ = {isa = PBXBuildFile; fileRef = F1E8577E247FAD5E004749D9 /* CircleButton.swift */; };
/* End PBXBuildFile section */

/* Begin PBXFileReference section */
		F1E85763247F8F75004749D9 /* ReUsableKeyboard.app */ = {isa = PBXFileReference; explicitFileType = wrapper.application; includeInIndex = 0; path = ReUsableKeyboard.app; sourceTree = BUILT_PRODUCTS_DIR; };
		F1E85766247F8F75004749D9 /* AppDelegate.swift */ = {isa = PBXFileReference; lastKnownFileType = sourcecode.swift; path = AppDelegate.swift; sourceTree = "<group>"; };
		F1E85768247F8F75004749D9 /* ViewController.swift */ = {isa = PBXFileReference; lastKnownFileType = sourcecode.swift; path = ViewController.swift; sourceTree = "<group>"; };
		F1E8576B247F8F75004749D9 /* Base */ = {isa = PBXFileReference; lastKnownFileType = file.storyboard; name = Base; path = Base.lproj/Main.storyboard; sourceTree = "<group>"; };
		F1E8576D247F8F75004749D9 /* Assets.xcassets */ = {isa = PBXFileReference; lastKnownFileType = folder.assetcatalog; path = Assets.xcassets; sourceTree = "<group>"; };
		F1E85770247F8F75004749D9 /* Base */ = {isa = PBXFileReference; lastKnownFileType = file.storyboard; name = Base; path = Base.lproj/LaunchScreen.storyboard; sourceTree = "<group>"; };
		F1E85772247F8F75004749D9 /* Info.plist */ = {isa = PBXFileReference; lastKnownFileType = text.plist.xml; path = Info.plist; sourceTree = "<group>"; };
		F1E85779247F9AE3004749D9 /* KeyboardView.swift */ = {isa = PBXFileReference; fileEncoding = 4; lastKnownFileType = sourcecode.swift; path = KeyboardView.swift; sourceTree = "<group>"; };
		F1E8577B247F9B80004749D9 /* KeyboardView.xib */ = {isa = PBXFileReference; fileEncoding = 4; lastKnownFileType = file.xib; path = KeyboardView.xib; sourceTree = "<group>"; };
		F1E8577E247FAD5E004749D9 /* CircleButton.swift */ = {isa = PBXFileReference; fileEncoding = 4; lastKnownFileType = sourcecode.swift; path = CircleButton.swift; sourceTree = "<group>"; };
/* End PBXFileReference section */

/* Begin PBXFrameworksBuildPhase section */
		F1E85760247F8F75004749D9 /* Frameworks */ = {
			isa = PBXFrameworksBuildPhase;
			buildActionMask = 2147483647;
			files = (
			);
			runOnlyForDeploymentPostprocessing = 0;
		};
/* End PBXFrameworksBuildPhase section */

/* Begin PBXGroup section */
		F1E8575A247F8F75004749D9 = {
			isa = PBXGroup;
			children = (
				F1E85765247F8F75004749D9 /* ReUsableKeyboard */,
				F1E85764247F8F75004749D9 /* Products */,
			);
			sourceTree = "<group>";
		};
		F1E85764247F8F75004749D9 /* Products */ = {
			isa = PBXGroup;
			children = (
				F1E85763247F8F75004749D9 /* ReUsableKeyboard.app */,
			);
			name = Products;
			sourceTree = "<group>";
		};
		F1E85765247F8F75004749D9 /* ReUsableKeyboard */ = {
			isa = PBXGroup;
			children = (
				F1E8577D247FACC8004749D9 /* ButtonStyles */,
				F1E85778247F9A2E004749D9 /* Keyboard */,
				F1E85766247F8F75004749D9 /* AppDelegate.swift */,
				F1E85768247F8F75004749D9 /* ViewController.swift */,
				F1E8576A247F8F75004749D9 /* Main.storyboard */,
				F1E8576D247F8F75004749D9 /* Assets.xcassets */,
				F1E8576F247F8F75004749D9 /* LaunchScreen.storyboard */,
				F1E85772247F8F75004749D9 /* Info.plist */,
			);
			path = ReUsableKeyboard;
			sourceTree = "<group>";
		};
		F1E85778247F9A2E004749D9 /* Keyboard */ = {
			isa = PBXGroup;
			children = (
				F1E85779247F9AE3004749D9 /* KeyboardView.swift */,
				F1E8577B247F9B80004749D9 /* KeyboardView.xib */,
			);
			name = Keyboard;
			sourceTree = "<group>";
		};
		F1E8577D247FACC8004749D9 /* ButtonStyles */ = {
			isa = PBXGroup;
			children = (
				F1E8577E247FAD5E004749D9 /* CircleButton.swift */,
			);
			name = ButtonStyles;
			sourceTree = "<group>";
		};
/* End PBXGroup section */

/* Begin PBXNativeTarget section */
		F1E85762247F8F75004749D9 /* ReUsableKeyboard */ = {
			isa = PBXNativeTarget;
			buildConfigurationList = F1E85775247F8F75004749D9 /* Build configuration list for PBXNativeTarget "ReUsableKeyboard" */;
			buildPhases = (
				F1E8575F247F8F75004749D9 /* Sources */,
				F1E85760247F8F75004749D9 /* Frameworks */,
				F1E85761247F8F75004749D9 /* Resources */,
			);
			buildRules = (
			);
			dependencies = (
			);
			name = ReUsableKeyboard;
			productName = ReUsableKeyboard;
			productReference = F1E85763247F8F75004749D9 /* ReUsableKeyboard.app */;
			productType = "com.apple.product-type.application";
		};
/* End PBXNativeTarget section */

/* Begin PBXProject section */
		F1E8575B247F8F75004749D9 /* Project object */ = {
			isa = PBXProject;
			attributes = {
				LastSwiftUpdateCheck = 0720;
				LastUpgradeCheck = 0720;
				ORGANIZATIONNAME = "Damian Johns";
				TargetAttributes = {
					F1E85762247F8F75004749D9 = {
						CreatedOnToolsVersion = 7.2;
						LastSwiftMigration = 0820;
					};
				};
			};
			buildConfigurationList = F1E8575E247F8F75004749D9 /* Build configuration list for PBXProject "ReUsableKeyboard" */;
			compatibilityVersion = "Xcode 3.2";
			developmentRegion = English;
			hasScannedForEncodings = 0;
			knownRegions = (
				en,
				Base,
			);
			mainGroup = F1E8575A247F8F75004749D9;
			productRefGroup = F1E85764247F8F75004749D9 /* Products */;
			projectDirPath = "";
			projectRoot = "";
			targets = (
				F1E85762247F8F75004749D9 /* ReUsableKeyboard */,
			);
		};
/* End PBXProject section */

/* Begin PBXResourcesBuildPhase section */
		F1E85761247F8F75004749D9 /* Resources */ = {
			isa = PBXResourcesBuildPhase;
			buildActionMask = 2147483647;
			files = (
				F1E85771247F8F75004749D9 /* LaunchScreen.storyboard in Resources */,
				F1E8577C247F9B80004749D9 /* KeyboardView.xib in Resources */,
				F1E8576E247F8F75004749D9 /* Assets.xcassets in Resources */,
				F1E8576C247F8F75004749D9 /* Main.storyboard in Resources */,
			);
			runOnlyForDeploymentPostprocessing = 0;
		};
/* End PBXResourcesBuildPhase section */

/* Begin PBXSourcesBuildPhase section */
		F1E8575F247F8F75004749D9 /* Sources */ = {
			isa = PBXSourcesBuildPhase;
			buildActionMask = 2147483647;
			files = (
				F1E8577A247F9AE4004749D9 /* KeyboardView.swift in Sources */,
				F1E85769247F8F75004749D9 /* ViewController.swift in Sources */,
				F1E85767247F8F75004749D9 /* AppDelegate.swift in Sources */,
				F1E8577F247FAD5E004749D9 /* CircleButton.swift in Sources */,
			);
			runOnlyForDeploymentPostprocessing = 0;
		};
/* End PBXSourcesBuildPhase section */

/* Begin PBXVariantGroup section */
		F1E8576A247F8F75004749D9 /* Main.storyboard */ = {
			isa = PBXVariantGroup;
			children = (
				F1E8576B247F8F75004749D9 /* Base */,
			);
			name = Main.storyboard;
			sourceTree = "<group>";
		};
		F1E8576F247F8F75004749D9 /* LaunchScreen.storyboard */ = {
			isa = PBXVariantGroup;
			children = (
				F1E85770247F8F75004749D9 /* Base */,
			);
			name = LaunchScreen.storyboard;
			sourceTree = "<group>";
		};
/* End PBXVariantGroup section */

/* Begin XCBuildConfiguration section */
		F1E85773247F8F75004749D9 /* Debug */ = {
			isa = XCBuildConfiguration;
			buildSettings = {
				ALWAYS_SEARCH_USER_PATHS = NO;
				CLANG_CXX_LANGUAGE_STANDARD = "gnu++0x";
				CLANG_CXX_LIBRARY = "libc++";
				CLANG_ENABLE_MODULES = YES;
				CLANG_ENABLE_OBJC_ARC = YES;
				CLANG_WARN_BOOL_CONVERSION = YES;
				CLANG_WARN_CONSTANT_CONVERSION = YES;
				CLANG_WARN_DIRECT_OBJC_ISA_USAGE = YES_ERROR;
				CLANG_WARN_EMPTY_BODY = YES;
				CLANG_WARN_ENUM_CONVERSION = YES;
				CLANG_WARN_INT_CONVERSION = YES;
				CLANG_WARN_OBJC_ROOT_CLASS = YES_ERROR;
				CLANG_WARN_UNREACHABLE_CODE = YES;
				CLANG_WARN__DUPLICATE_METHOD_MATCH = YES;
				"CODE_SIGN_IDENTITY[sdk=iphoneos*]" = "iPhone Developer";
				COPY_PHASE_STRIP = NO;
				DEBUG_INFORMATION_FORMAT = dwarf;
				ENABLE_STRICT_OBJC_MSGSEND = YES;
				ENABLE_TESTABILITY = YES;
				GCC_C_LANGUAGE_STANDARD = gnu99;
				GCC_DYNAMIC_NO_PIC = NO;
				GCC_NO_COMMON_BLOCKS = YES;
				GCC_OPTIMIZATION_LEVEL = 0;
				GCC_PREPROCESSOR_DEFINITIONS = (
					"DEBUG=1",
					"$(inherited)",
				);
				GCC_WARN_64_TO_32_BIT_CONVERSION = YES;
				GCC_WARN_ABOUT_RETURN_TYPE = YES_ERROR;
				GCC_WARN_UNDECLARED_SELECTOR = YES;
				GCC_WARN_UNINITIALIZED_AUTOS = YES_AGGRESSIVE;
				GCC_WARN_UNUSED_FUNCTION = YES;
				GCC_WARN_UNUSED_VARIABLE = YES;
				IPHONEOS_DEPLOYMENT_TARGET = 9.2;
				MTL_ENABLE_DEBUG_INFO = YES;
				ONLY_ACTIVE_ARCH = YES;
				SDKROOT = iphoneos;
				SWIFT_OPTIMIZATION_LEVEL = "-Onone";
			};
			name = Debug;
		};
		F1E85774247F8F75004749D9 /* Release */ = {
			isa = XCBuildConfiguration;
			buildSettings = {
				ALWAYS_SEARCH_USER_PATHS = NO;
				CLANG_CXX_LANGUAGE_STANDARD = "gnu++0x";
				CLANG_CXX_LIBRARY = "libc++";
				CLANG_ENABLE_MODULES = YES;
				CLANG_ENABLE_OBJC_ARC = YES;
				CLANG_WARN_BOOL_CONVERSION = YES;
				CLANG_WARN_CONSTANT_CONVERSION = YES;
				CLANG_WARN_DIRECT_OBJC_ISA_USAGE = YES_ERROR;
				CLANG_WARN_EMPTY_BODY = YES;
				CLANG_WARN_ENUM_CONVERSION = YES;
				CLANG_WARN_INT_CONVERSION = YES;
				CLANG_WARN_OBJC_ROOT_CLASS = YES_ERROR;
				CLANG_WARN_UNREACHABLE_CODE = YES;
				CLANG_WARN__DUPLICATE_METHOD_MATCH = YES;
				"CODE_SIGN_IDENTITY[sdk=iphoneos*]" = "iPhone Developer";
				COPY_PHASE_STRIP = NO;
				DEBUG_INFORMATION_FORMAT = "dwarf-with-dsym";
				ENABLE_NS_ASSERTIONS = NO;
				ENABLE_STRICT_OBJC_MSGSEND = YES;
				GCC_C_LANGUAGE_STANDARD = gnu99;
				GCC_NO_COMMON_BLOCKS = YES;
				GCC_WARN_64_TO_32_BIT_CONVERSION = YES;
				GCC_WARN_ABOUT_RETURN_TYPE = YES_ERROR;
				GCC_WARN_UNDECLARED_SELECTOR = YES;
				GCC_WARN_UNINITIALIZED_AUTOS = YES_AGGRESSIVE;
				GCC_WARN_UNUSED_FUNCTION = YES;
				GCC_WARN_UNUSED_VARIABLE = YES;
				IPHONEOS_DEPLOYMENT_TARGET = 9.2;
				MTL_ENABLE_DEBUG_INFO = NO;
				SDKROOT = iphoneos;
				VALIDATE_PRODUCT = YES;
			};
			name = Release;
		};
		F1E85776247F8F75004749D9 /* Debug */ = {
			isa = XCBuildConfiguration;
			buildSettings = {
				ASSETCATALOG_COMPILER_APPICON_NAME = AppIcon;
				INFOPLIST_FILE = ReUsableKeyboard/Info.plist;
				LD_RUNPATH_SEARCH_PATHS = "$(inherited) @executable_path/Frameworks";
				PRODUCT_BUNDLE_IDENTIFIER = com.damianjohns.ReUsableKeyboard;
				PRODUCT_NAME = "$(TARGET_NAME)";
				SWIFT_VERSION = 3.0;
			};
			name = Debug;
		};
		F1E85777247F8F75004749D9 /* Release */ = {
			isa = XCBuildConfiguration;
			buildSettings = {
				ASSETCATALOG_COMPILER_APPICON_NAME = AppIcon;
				INFOPLIST_FILE = ReUsableKeyboard/Info.plist;
				LD_RUNPATH_SEARCH_PATHS = "$(inherited) @executable_path/Frameworks";
				PRODUCT_BUNDLE_IDENTIFIER = com.damianjohns.ReUsableKeyboard;
				PRODUCT_NAME = "$(TARGET_NAME)";
				SWIFT_VERSION = 3.0;
			};
			name = Release;
		};
/* End XCBuildConfiguration section */

/* Begin XCConfigurationList section */
		F1E8575E247F8F75004749D9 /* Build configuration list for PBXProject "ReUsableKeyboard" */ = {
			isa = XCConfigurationList;
			buildConfigurations = (
				F1E85773247F8F75004749D9 /* Debug */,
				F1E85774247F8F75004749D9 /* Release */,
			);
			defaultConfigurationIsVisible = 0;
			defaultConfigurationName = Release;
		};
		F1E85775247F8F75004749D9 /* Build configuration list for PBXNativeTarget "ReUsableKeyboard" */ = {
			isa = XCConfigurationList;
			buildConfigurations = (
				F1E85776247F8F75004749D9 /* Debug */,
				F1E85777247F8F75004749D9 /* Release */,
			);
			defaultConfigurationIsVisible = 0;
			defaultConfigurationName = Release;
		};
/* End XCConfigurationList section */
	};
	rootObject = F1E8575B247F8F75004749D9 /* Project object */;
}
