// !$*UTF8*$!
{
	archiveVersion = 1;
	classes = {
	};
	objectVersion = 46;
	objects = {

/* Begin PBXBuildFile section */
		F1F6756224506D5A00E3D8AE /* AppDelegate.swift in Sources */ = {isa = PBXBuildFile; fileRef = F1F6756124506D5A00E3D8AE /* AppDelegate.swift */; };
		F1F6756424506D5A00E3D8AE /* ViewController.swift in Sources */ = {isa = PBXBuildFile; fileRef = F1F6756324506D5A00E3D8AE /* ViewController.swift */; };
		F1F6756724506D5A00E3D8AE /* Main.storyboard in Resources */ = {isa = PBXBuildFile; fileRef = F1F6756524506D5A00E3D8AE /* Main.storyboard */; };
		F1F6756924506D5A00E3D8AE /* Assets.xcassets in Resources */ = {isa = PBXBuildFile; fileRef = F1F6756824506D5A00E3D8AE /* Assets.xcassets */; };
		F1F6756C24506D5A00E3D8AE /* LaunchScreen.storyboard in Resources */ = {isa = PBXBuildFile; fileRef = F1F6756A24506D5A00E3D8AE /* LaunchScreen.storyboard */; };
/* End PBXBuildFile section */

/* Begin PBXFileReference section */
		F1F6755E24506D5A00E3D8AE /* DisplayTappedNumbers.app */ = {isa = PBXFileReference; explicitFileType = wrapper.application; includeInIndex = 0; path = DisplayTappedNumbers.app; sourceTree = BUILT_PRODUCTS_DIR; };
		F1F6756124506D5A00E3D8AE /* AppDelegate.swift */ = {isa = PBXFileReference; lastKnownFileType = sourcecode.swift; path = AppDelegate.swift; sourceTree = "<group>"; };
		F1F6756324506D5A00E3D8AE /* ViewController.swift */ = {isa = PBXFileReference; lastKnownFileType = sourcecode.swift; path = ViewController.swift; sourceTree = "<group>"; };
		F1F6756624506D5A00E3D8AE /* Base */ = {isa = PBXFileReference; lastKnownFileType = file.storyboard; name = Base; path = Base.lproj/Main.storyboard; sourceTree = "<group>"; };
		F1F6756824506D5A00E3D8AE /* Assets.xcassets */ = {isa = PBXFileReference; lastKnownFileType = folder.assetcatalog; path = Assets.xcassets; sourceTree = "<group>"; };
		F1F6756B24506D5A00E3D8AE /* Base */ = {isa = PBXFileReference; lastKnownFileType = file.storyboard; name = Base; path = Base.lproj/LaunchScreen.storyboard; sourceTree = "<group>"; };
		F1F6756D24506D5A00E3D8AE /* Info.plist */ = {isa = PBXFileReference; lastKnownFileType = text.plist.xml; path = Info.plist; sourceTree = "<group>"; };
/* End PBXFileReference section */

/* Begin PBXFrameworksBuildPhase section */
		F1F6755B24506D5900E3D8AE /* Frameworks */ = {
			isa = PBXFrameworksBuildPhase;
			buildActionMask = 2147483647;
			files = (
			);
			runOnlyForDeploymentPostprocessing = 0;
		};
/* End PBXFrameworksBuildPhase section */

/* Begin PBXGroup section */
		F1F6755524506D5700E3D8AE = {
			isa = PBXGroup;
			children = (
				F1F6756024506D5A00E3D8AE /* DisplayTappedNumbers */,
				F1F6755F24506D5A00E3D8AE /* Products */,
			);
			sourceTree = "<group>";
		};
		F1F6755F24506D5A00E3D8AE /* Products */ = {
			isa = PBXGroup;
			children = (
				F1F6755E24506D5A00E3D8AE /* DisplayTappedNumbers.app */,
			);
			name = Products;
			sourceTree = "<group>";
		};
		F1F6756024506D5A00E3D8AE /* DisplayTappedNumbers */ = {
			isa = PBXGroup;
			children = (
				F1F6756124506D5A00E3D8AE /* AppDelegate.swift */,
				F1F6756324506D5A00E3D8AE /* ViewController.swift */,
				F1F6756524506D5A00E3D8AE /* Main.storyboard */,
				F1F6756824506D5A00E3D8AE /* Assets.xcassets */,
				F1F6756A24506D5A00E3D8AE /* LaunchScreen.storyboard */,
				F1F6756D24506D5A00E3D8AE /* Info.plist */,
			);
			path = DisplayTappedNumbers;
			sourceTree = "<group>";
		};
/* End PBXGroup section */

/* Begin PBXNativeTarget section */
		F1F6755D24506D5900E3D8AE /* DisplayTappedNumbers */ = {
			isa = PBXNativeTarget;
			buildConfigurationList = F1F6757024506D5A00E3D8AE /* Build configuration list for PBXNativeTarget "DisplayTappedNumbers" */;
			buildPhases = (
				F1F6755A24506D5900E3D8AE /* Sources */,
				F1F6755B24506D5900E3D8AE /* Frameworks */,
				F1F6755C24506D5900E3D8AE /* Resources */,
			);
			buildRules = (
			);
			dependencies = (
			);
			name = DisplayTappedNumbers;
			productName = Calculator;
			productReference = F1F6755E24506D5A00E3D8AE /* DisplayTappedNumbers.app */;
			productType = "com.apple.product-type.application";
		};
/* End PBXNativeTarget section */

/* Begin PBXProject section */
		F1F6755624506D5800E3D8AE /* Project object */ = {
			isa = PBXProject;
			attributes = {
				LastSwiftUpdateCheck = 0720;
				LastUpgradeCheck = 0720;
				ORGANIZATIONNAME = "Damian Johns";
				TargetAttributes = {
					F1F6755D24506D5900E3D8AE = {
						CreatedOnToolsVersion = 7.2;
						LastSwiftMigration = 0820;
					};
				};
			};
			buildConfigurationList = F1F6755924506D5800E3D8AE /* Build configuration list for PBXProject "DisplayTappedNumbers" */;
			compatibilityVersion = "Xcode 3.2";
			developmentRegion = English;
			hasScannedForEncodings = 0;
			knownRegions = (
				en,
				Base,
			);
			mainGroup = F1F6755524506D5700E3D8AE;
			productRefGroup = F1F6755F24506D5A00E3D8AE /* Products */;
			projectDirPath = "";
			projectRoot = "";
			targets = (
				F1F6755D24506D5900E3D8AE /* DisplayTappedNumbers */,
			);
		};
/* End PBXProject section */

/* Begin PBXResourcesBuildPhase section */
		F1F6755C24506D5900E3D8AE /* Resources */ = {
			isa = PBXResourcesBuildPhase;
			buildActionMask = 2147483647;
			files = (
				F1F6756C24506D5A00E3D8AE /* LaunchScreen.storyboard in Resources */,
				F1F6756924506D5A00E3D8AE /* Assets.xcassets in Resources */,
				F1F6756724506D5A00E3D8AE /* Main.storyboard in Resources */,
			);
			runOnlyForDeploymentPostprocessing = 0;
		};
/* End PBXResourcesBuildPhase section */

/* Begin PBXSourcesBuildPhase section */
		F1F6755A24506D5900E3D8AE /* Sources */ = {
			isa = PBXSourcesBuildPhase;
			buildActionMask = 2147483647;
			files = (
				F1F6756424506D5A00E3D8AE /* ViewController.swift in Sources */,
				F1F6756224506D5A00E3D8AE /* AppDelegate.swift in Sources */,
			);
			runOnlyForDeploymentPostprocessing = 0;
		};
/* End PBXSourcesBuildPhase section */

/* Begin PBXVariantGroup section */
		F1F6756524506D5A00E3D8AE /* Main.storyboard */ = {
			isa = PBXVariantGroup;
			children = (
				F1F6756624506D5A00E3D8AE /* Base */,
			);
			name = Main.storyboard;
			sourceTree = "<group>";
		};
		F1F6756A24506D5A00E3D8AE /* LaunchScreen.storyboard */ = {
			isa = PBXVariantGroup;
			children = (
				F1F6756B24506D5A00E3D8AE /* Base */,
			);
			name = LaunchScreen.storyboard;
			sourceTree = "<group>";
		};
/* End PBXVariantGroup section */

/* Begin XCBuildConfiguration section */
		F1F6756E24506D5A00E3D8AE /* Debug */ = {
			isa = XCBuildConfiguration;
			buildSettings = {
				ALWAYS_SEARCH_USER_PATHS = NO;
				CLANG_CXX_LANGUAGE_STANDARD = "gnu++0x";
				CLANG_CXX_LIBRARY = "libc++";
				CLANG_ENABLE_MODULES = YES;
				CLANG_ENABLE_OBJC_ARC = YES;
				CLANG_WARN_BOOL_CONVERSION = YES;
				CLANG_WARN_CONSTANT_CONVERSION = YES;
				CLANG_WARN_DIRECT_OBJC_ISA_USAGE = YES_ERROR;
				CLANG_WARN_EMPTY_BODY = YES;
				CLANG_WARN_ENUM_CONVERSION = YES;
				CLANG_WARN_INT_CONVERSION = YES;
				CLANG_WARN_OBJC_ROOT_CLASS = YES_ERROR;
				CLANG_WARN_UNREACHABLE_CODE = YES;
				CLANG_WARN__DUPLICATE_METHOD_MATCH = YES;
				"CODE_SIGN_IDENTITY[sdk=iphoneos*]" = "iPhone Developer";
				COPY_PHASE_STRIP = NO;
				DEBUG_INFORMATION_FORMAT = dwarf;
				ENABLE_STRICT_OBJC_MSGSEND = YES;
				ENABLE_TESTABILITY = YES;
				GCC_C_LANGUAGE_STANDARD = gnu99;
				GCC_DYNAMIC_NO_PIC = NO;
				GCC_NO_COMMON_BLOCKS = YES;
				GCC_OPTIMIZATION_LEVEL = 0;
				GCC_PREPROCESSOR_DEFINITIONS = (
					"DEBUG=1",
					"$(inherited)",
				);
				GCC_WARN_64_TO_32_BIT_CONVERSION = YES;
				GCC_WARN_ABOUT_RETURN_TYPE = YES_ERROR;
				GCC_WARN_UNDECLARED_SELECTOR = YES;
				GCC_WARN_UNINITIALIZED_AUTOS = YES_AGGRESSIVE;
				GCC_WARN_UNUSED_FUNCTION = YES;
				GCC_WARN_UNUSED_VARIABLE = YES;
				IPHONEOS_DEPLOYMENT_TARGET = 9.2;
				MTL_ENABLE_DEBUG_INFO = YES;
				ONLY_ACTIVE_ARCH = YES;
				SDKROOT = iphoneos;
				SWIFT_OPTIMIZATION_LEVEL = "-Onone";
			};
			name = Debug;
		};
		F1F6756F24506D5A00E3D8AE /* Release */ = {
			isa = XCBuildConfiguration;
			buildSettings = {
				ALWAYS_SEARCH_USER_PATHS = NO;
				CLANG_CXX_LANGUAGE_STANDARD = "gnu++0x";
				CLANG_CXX_LIBRARY = "libc++";
				CLANG_ENABLE_MODULES = YES;
				CLANG_ENABLE_OBJC_ARC = YES;
				CLANG_WARN_BOOL_CONVERSION = YES;
				CLANG_WARN_CONSTANT_CONVERSION = YES;
				CLANG_WARN_DIRECT_OBJC_ISA_USAGE = YES_ERROR;
				CLANG_WARN_EMPTY_BODY = YES;
				CLANG_WARN_ENUM_CONVERSION = YES;
				CLANG_WARN_INT_CONVERSION = YES;
				CLANG_WARN_OBJC_ROOT_CLASS = YES_ERROR;
				CLANG_WARN_UNREACHABLE_CODE = YES;
				CLANG_WARN__DUPLICATE_METHOD_MATCH = YES;
				"CODE_SIGN_IDENTITY[sdk=iphoneos*]" = "iPhone Developer";
				COPY_PHASE_STRIP = NO;
				DEBUG_INFORMATION_FORMAT = "dwarf-with-dsym";
				ENABLE_NS_ASSERTIONS = NO;
				ENABLE_STRICT_OBJC_MSGSEND = YES;
				GCC_C_LANGUAGE_STANDARD = gnu99;
				GCC_NO_COMMON_BLOCKS = YES;
				GCC_WARN_64_TO_32_BIT_CONVERSION = YES;
				GCC_WARN_ABOUT_RETURN_TYPE = YES_ERROR;
				GCC_WARN_UNDECLARED_SELECTOR = YES;
				GCC_WARN_UNINITIALIZED_AUTOS = YES_AGGRESSIVE;
				GCC_WARN_UNUSED_FUNCTION = YES;
				GCC_WARN_UNUSED_VARIABLE = YES;
				IPHONEOS_DEPLOYMENT_TARGET = 9.2;
				MTL_ENABLE_DEBUG_INFO = NO;
				SDKROOT = iphoneos;
				VALIDATE_PRODUCT = YES;
			};
			name = Release;
		};
		F1F6757124506D5A00E3D8AE /* Debug */ = {
			isa = XCBuildConfiguration;
			buildSettings = {
				ASSETCATALOG_COMPILER_APPICON_NAME = AppIcon;
				INFOPLIST_FILE = DisplayTappedNumbers/Info.plist;
				LD_RUNPATH_SEARCH_PATHS = "$(inherited) @executable_path/Frameworks";
				PRODUCT_BUNDLE_IDENTIFIER = com.damianjohns.DisplayTappedNumbers;
				PRODUCT_NAME = "$(TARGET_NAME)";
				SWIFT_VERSION = 3.0;
			};
			name = Debug;
		};
		F1F6757224506D5A00E3D8AE /* Release */ = {
			isa = XCBuildConfiguration;
			buildSettings = {
				ASSETCATALOG_COMPILER_APPICON_NAME = AppIcon;
				INFOPLIST_FILE = DisplayTappedNumbers/Info.plist;
				LD_RUNPATH_SEARCH_PATHS = "$(inherited) @executable_path/Frameworks";
				PRODUCT_BUNDLE_IDENTIFIER = com.damianjohns.DisplayTappedNumbers;
				PRODUCT_NAME = "$(TARGET_NAME)";
				SWIFT_VERSION = 3.0;
			};
			name = Release;
		};
/* End XCBuildConfiguration section */

/* Begin XCConfigurationList section */
		F1F6755924506D5800E3D8AE /* Build configuration list for PBXProject "DisplayTappedNumbers" */ = {
			isa = XCConfigurationList;
			buildConfigurations = (
				F1F6756E24506D5A00E3D8AE /* Debug */,
				F1F6756F24506D5A00E3D8AE /* Release */,
			);
			defaultConfigurationIsVisible = 0;
			defaultConfigurationName = Release;
		};
		F1F6757024506D5A00E3D8AE /* Build configuration list for PBXNativeTarget "DisplayTappedNumbers" */ = {
			isa = XCConfigurationList;
			buildConfigurations = (
				F1F6757124506D5A00E3D8AE /* Debug */,
				F1F6757224506D5A00E3D8AE /* Release */,
			);
			defaultConfigurationIsVisible = 0;
			defaultConfigurationName = Release;
		};
/* End XCConfigurationList section */
	};
	rootObject = F1F6755624506D5800E3D8AE /* Project object */;
}
