// !$*UTF8*$!
{
	archiveVersion = 1;
	classes = {
	};
	objectVersion = 46;
	objects = {

/* Begin PBXBuildFile section */
		F15B0133254ACF7500F03654 /* AppDelegate.swift in Sources */ = {isa = PBXBuildFile; fileRef = F15B0132254ACF7500F03654 /* AppDelegate.swift */; };
		F15B0135254ACF7600F03654 /* Assets.xcassets in Resources */ = {isa = PBXBuildFile; fileRef = F15B0134254ACF7600F03654 /* Assets.xcassets */; };
		F15B0138254ACF7600F03654 /* MainMenu.xib in Resources */ = {isa = PBXBuildFile; fileRef = F15B0136254ACF7600F03654 /* MainMenu.xib */; };
		F15B0140254ACFAC00F03654 /* Book.swift in Sources */ = {isa = PBXBuildFile; fileRef = F15B013F254ACFAC00F03654 /* Book.swift */; };
/* End PBXBuildFile section */

/* Begin PBXFileReference section */
		F15B012F254ACF7500F03654 /* CocoaBinding.app */ = {isa = PBXFileReference; explicitFileType = wrapper.application; includeInIndex = 0; path = CocoaBinding.app; sourceTree = BUILT_PRODUCTS_DIR; };
		F15B0132254ACF7500F03654 /* AppDelegate.swift */ = {isa = PBXFileReference; lastKnownFileType = sourcecode.swift; path = AppDelegate.swift; sourceTree = "<group>"; };
		F15B0134254ACF7600F03654 /* Assets.xcassets */ = {isa = PBXFileReference; lastKnownFileType = folder.assetcatalog; path = Assets.xcassets; sourceTree = "<group>"; };
		F15B0137254ACF7600F03654 /* Base */ = {isa = PBXFileReference; lastKnownFileType = file.xib; name = Base; path = Base.lproj/MainMenu.xib; sourceTree = "<group>"; };
		F15B0139254ACF7700F03654 /* Info.plist */ = {isa = PBXFileReference; lastKnownFileType = text.plist.xml; path = Info.plist; sourceTree = "<group>"; };
		F15B013F254ACFAC00F03654 /* Book.swift */ = {isa = PBXFileReference; fileEncoding = 4; lastKnownFileType = sourcecode.swift; name = Book.swift; path = ../Book.swift; sourceTree = "<group>"; };
/* End PBXFileReference section */

/* Begin PBXFrameworksBuildPhase section */
		F15B012C254ACF7500F03654 /* Frameworks */ = {
			isa = PBXFrameworksBuildPhase;
			buildActionMask = 2147483647;
			files = (
			);
			runOnlyForDeploymentPostprocessing = 0;
		};
/* End PBXFrameworksBuildPhase section */

/* Begin PBXGroup section */
		F15B0126254ACF7500F03654 = {
			isa = PBXGroup;
			children = (
				F15B0131254ACF7500F03654 /* CocoaBinding */,
				F15B0130254ACF7500F03654 /* Products */,
			);
			sourceTree = "<group>";
		};
		F15B0130254ACF7500F03654 /* Products */ = {
			isa = PBXGroup;
			children = (
				F15B012F254ACF7500F03654 /* CocoaBinding.app */,
			);
			name = Products;
			sourceTree = "<group>";
		};
		F15B0131254ACF7500F03654 /* CocoaBinding */ = {
			isa = PBXGroup;
			children = (
				F15B0132254ACF7500F03654 /* AppDelegate.swift */,
				F15B013F254ACFAC00F03654 /* Book.swift */,
				F15B0134254ACF7600F03654 /* Assets.xcassets */,
				F15B0136254ACF7600F03654 /* MainMenu.xib */,
				F15B0139254ACF7700F03654 /* Info.plist */,
			);
			path = CocoaBinding;
			sourceTree = "<group>";
		};
/* End PBXGroup section */

/* Begin PBXNativeTarget section */
		F15B012E254ACF7500F03654 /* CocoaBinding */ = {
			isa = PBXNativeTarget;
			buildConfigurationList = F15B013C254ACF7700F03654 /* Build configuration list for PBXNativeTarget "CocoaBinding" */;
			buildPhases = (
				F15B012B254ACF7500F03654 /* Sources */,
				F15B012C254ACF7500F03654 /* Frameworks */,
				F15B012D254ACF7500F03654 /* Resources */,
			);
			buildRules = (
			);
			dependencies = (
			);
			name = CocoaBinding;
			productName = CocoaBinding;
			productReference = F15B012F254ACF7500F03654 /* CocoaBinding.app */;
			productType = "com.apple.product-type.application";
		};
/* End PBXNativeTarget section */

/* Begin PBXProject section */
		F15B0127254ACF7500F03654 /* Project object */ = {
			isa = PBXProject;
			attributes = {
				LastSwiftUpdateCheck = 0820;
				LastUpgradeCheck = 0820;
				ORGANIZATIONNAME = "Damian Johns";
				TargetAttributes = {
					F15B012E254ACF7500F03654 = {
						CreatedOnToolsVersion = 8.2.1;
						ProvisioningStyle = Automatic;
					};
				};
			};
			buildConfigurationList = F15B012A254ACF7500F03654 /* Build configuration list for PBXProject "CocoaBinding" */;
			compatibilityVersion = "Xcode 3.2";
			developmentRegion = English;
			hasScannedForEncodings = 0;
			knownRegions = (
				en,
				Base,
			);
			mainGroup = F15B0126254ACF7500F03654;
			productRefGroup = F15B0130254ACF7500F03654 /* Products */;
			projectDirPath = "";
			projectRoot = "";
			targets = (
				F15B012E254ACF7500F03654 /* CocoaBinding */,
			);
		};
/* End PBXProject section */

/* Begin PBXResourcesBuildPhase section */
		F15B012D254ACF7500F03654 /* Resources */ = {
			isa = PBXResourcesBuildPhase;
			buildActionMask = 2147483647;
			files = (
				F15B0135254ACF7600F03654 /* Assets.xcassets in Resources */,
				F15B0138254ACF7600F03654 /* MainMenu.xib in Resources */,
			);
			runOnlyForDeploymentPostprocessing = 0;
		};
/* End PBXResourcesBuildPhase section */

/* Begin PBXSourcesBuildPhase section */
		F15B012B254ACF7500F03654 /* Sources */ = {
			isa = PBXSourcesBuildPhase;
			buildActionMask = 2147483647;
			files = (
				F15B0140254ACFAC00F03654 /* Book.swift in Sources */,
				F15B0133254ACF7500F03654 /* AppDelegate.swift in Sources */,
			);
			runOnlyForDeploymentPostprocessing = 0;
		};
/* End PBXSourcesBuildPhase section */

/* Begin PBXVariantGroup section */
		F15B0136254ACF7600F03654 /* MainMenu.xib */ = {
			isa = PBXVariantGroup;
			children = (
				F15B0137254ACF7600F03654 /* Base */,
			);
			name = MainMenu.xib;
			sourceTree = "<group>";
		};
/* End PBXVariantGroup section */

/* Begin XCBuildConfiguration section */
		F15B013A254ACF7700F03654 /* Debug */ = {
			isa = XCBuildConfiguration;
			buildSettings = {
				ALWAYS_SEARCH_USER_PATHS = NO;
				CLANG_ANALYZER_NONNULL = YES;
				CLANG_CXX_LANGUAGE_STANDARD = "gnu++0x";
				CLANG_CXX_LIBRARY = "libc++";
				CLANG_ENABLE_MODULES = YES;
				CLANG_ENABLE_OBJC_ARC = YES;
				CLANG_WARN_BOOL_CONVERSION = YES;
				CLANG_WARN_CONSTANT_CONVERSION = YES;
				CLANG_WARN_DIRECT_OBJC_ISA_USAGE = YES_ERROR;
				CLANG_WARN_DOCUMENTATION_COMMENTS = YES;
				CLANG_WARN_EMPTY_BODY = YES;
				CLANG_WARN_ENUM_CONVERSION = YES;
				CLANG_WARN_INFINITE_RECURSION = YES;
				CLANG_WARN_INT_CONVERSION = YES;
				CLANG_WARN_OBJC_ROOT_CLASS = YES_ERROR;
				CLANG_WARN_SUSPICIOUS_MOVE = YES;
				CLANG_WARN_UNREACHABLE_CODE = YES;
				CLANG_WARN__DUPLICATE_METHOD_MATCH = YES;
				CODE_SIGN_IDENTITY = "-";
				COPY_PHASE_STRIP = NO;
				DEBUG_INFORMATION_FORMAT = dwarf;
				ENABLE_STRICT_OBJC_MSGSEND = YES;
				ENABLE_TESTABILITY = YES;
				GCC_C_LANGUAGE_STANDARD = gnu99;
				GCC_DYNAMIC_NO_PIC = NO;
				GCC_NO_COMMON_BLOCKS = YES;
				GCC_OPTIMIZATION_LEVEL = 0;
				GCC_PREPROCESSOR_DEFINITIONS = (
					"DEBUG=1",
					"$(inherited)",
				);
				GCC_WARN_64_TO_32_BIT_CONVERSION = YES;
				GCC_WARN_ABOUT_RETURN_TYPE = YES_ERROR;
				GCC_WARN_UNDECLARED_SELECTOR = YES;
				GCC_WARN_UNINITIALIZED_AUTOS = YES_AGGRESSIVE;
				GCC_WARN_UNUSED_FUNCTION = YES;
				GCC_WARN_UNUSED_VARIABLE = YES;
				MACOSX_DEPLOYMENT_TARGET = 10.11;
				MTL_ENABLE_DEBUG_INFO = YES;
				ONLY_ACTIVE_ARCH = YES;
				SDKROOT = macosx;
				SWIFT_ACTIVE_COMPILATION_CONDITIONS = DEBUG;
				SWIFT_OPTIMIZATION_LEVEL = "-Onone";
			};
			name = Debug;
		};
		F15B013B254ACF7700F03654 /* Release */ = {
			isa = XCBuildConfiguration;
			buildSettings = {
				ALWAYS_SEARCH_USER_PATHS = NO;
				CLANG_ANALYZER_NONNULL = YES;
				CLANG_CXX_LANGUAGE_STANDARD = "gnu++0x";
				CLANG_CXX_LIBRARY = "libc++";
				CLANG_ENABLE_MODULES = YES;
				CLANG_ENABLE_OBJC_ARC = YES;
				CLANG_WARN_BOOL_CONVERSION = YES;
				CLANG_WARN_CONSTANT_CONVERSION = YES;
				CLANG_WARN_DIRECT_OBJC_ISA_USAGE = YES_ERROR;
				CLANG_WARN_DOCUMENTATION_COMMENTS = YES;
				CLANG_WARN_EMPTY_BODY = YES;
				CLANG_WARN_ENUM_CONVERSION = YES;
				CLANG_WARN_INFINITE_RECURSION = YES;
				CLANG_WARN_INT_CONVERSION = YES;
				CLANG_WARN_OBJC_ROOT_CLASS = YES_ERROR;
				CLANG_WARN_SUSPICIOUS_MOVE = YES;
				CLANG_WARN_UNREACHABLE_CODE = YES;
				CLANG_WARN__DUPLICATE_METHOD_MATCH = YES;
				CODE_SIGN_IDENTITY = "-";
				COPY_PHASE_STRIP = NO;
				DEBUG_INFORMATION_FORMAT = "dwarf-with-dsym";
				ENABLE_NS_ASSERTIONS = NO;
				ENABLE_STRICT_OBJC_MSGSEND = YES;
				GCC_C_LANGUAGE_STANDARD = gnu99;
				GCC_NO_COMMON_BLOCKS = YES;
				GCC_WARN_64_TO_32_BIT_CONVERSION = YES;
				GCC_WARN_ABOUT_RETURN_TYPE = YES_ERROR;
				GCC_WARN_UNDECLARED_SELECTOR = YES;
				GCC_WARN_UNINITIALIZED_AUTOS = YES_AGGRESSIVE;
				GCC_WARN_UNUSED_FUNCTION = YES;
				GCC_WARN_UNUSED_VARIABLE = YES;
				MACOSX_DEPLOYMENT_TARGET = 10.11;
				MTL_ENABLE_DEBUG_INFO = NO;
				SDKROOT = macosx;
				SWIFT_OPTIMIZATION_LEVEL = "-Owholemodule";
			};
			name = Release;
		};
		F15B013D254ACF7700F03654 /* Debug */ = {
			isa = XCBuildConfiguration;
			buildSettings = {
				ASSETCATALOG_COMPILER_APPICON_NAME = AppIcon;
				COMBINE_HIDPI_IMAGES = YES;
				INFOPLIST_FILE = CocoaBinding/Info.plist;
				LD_RUNPATH_SEARCH_PATHS = "$(inherited) @executable_path/../Frameworks";
				PRODUCT_BUNDLE_IDENTIFIER = com.damianjohns.CocoaBinding;
				PRODUCT_NAME = "$(TARGET_NAME)";
				SWIFT_VERSION = 3.0;
			};
			name = Debug;
		};
		F15B013E254ACF7700F03654 /* Release */ = {
			isa = XCBuildConfiguration;
			buildSettings = {
				ASSETCATALOG_COMPILER_APPICON_NAME = AppIcon;
				COMBINE_HIDPI_IMAGES = YES;
				INFOPLIST_FILE = CocoaBinding/Info.plist;
				LD_RUNPATH_SEARCH_PATHS = "$(inherited) @executable_path/../Frameworks";
				PRODUCT_BUNDLE_IDENTIFIER = com.damianjohns.CocoaBinding;
				PRODUCT_NAME = "$(TARGET_NAME)";
				SWIFT_VERSION = 3.0;
			};
			name = Release;
		};
/* End XCBuildConfiguration section */

/* Begin XCConfigurationList section */
		F15B012A254ACF7500F03654 /* Build configuration list for PBXProject "CocoaBinding" */ = {
			isa = XCConfigurationList;
			buildConfigurations = (
				F15B013A254ACF7700F03654 /* Debug */,
				F15B013B254ACF7700F03654 /* Release */,
			);
			defaultConfigurationIsVisible = 0;
			defaultConfigurationName = Release;
		};
		F15B013C254ACF7700F03654 /* Build configuration list for PBXNativeTarget "CocoaBinding" */ = {
			isa = XCConfigurationList;
			buildConfigurations = (
				F15B013D254ACF7700F03654 /* Debug */,
				F15B013E254ACF7700F03654 /* Release */,
			);
			defaultConfigurationIsVisible = 0;
		};
/* End XCConfigurationList section */
	};
	rootObject = F15B0127254ACF7500F03654 /* Project object */;
}
