// !$*UTF8*$!
{
	archiveVersion = 1;
	classes = {
	};
	objectVersion = 46;
	objects = {

/* Begin PBXBuildFile section */
		F1A2E0EF247560260012728C /* AppDelegate.swift in Sources */ = {isa = PBXBuildFile; fileRef = F1A2E0EE247560260012728C /* AppDelegate.swift */; };
		F1A2E0F1247560260012728C /* ViewController.swift in Sources */ = {isa = PBXBuildFile; fileRef = F1A2E0F0247560260012728C /* ViewController.swift */; };
		F1A2E0F4247560260012728C /* Main.storyboard in Resources */ = {isa = PBXBuildFile; fileRef = F1A2E0F2247560260012728C /* Main.storyboard */; };
		F1A2E0F6247560260012728C /* Assets.xcassets in Resources */ = {isa = PBXBuildFile; fileRef = F1A2E0F5247560260012728C /* Assets.xcassets */; };
		F1A2E0F9247560260012728C /* LaunchScreen.storyboard in Resources */ = {isa = PBXBuildFile; fileRef = F1A2E0F7247560260012728C /* LaunchScreen.storyboard */; };
/* End PBXBuildFile section */

/* Begin PBXFileReference section */
		F1A2E0EB247560260012728C /* SwiftEnable.app */ = {isa = PBXFileReference; explicitFileType = wrapper.application; includeInIndex = 0; path = SwiftEnable.app; sourceTree = BUILT_PRODUCTS_DIR; };
		F1A2E0EE247560260012728C /* AppDelegate.swift */ = {isa = PBXFileReference; lastKnownFileType = sourcecode.swift; path = AppDelegate.swift; sourceTree = "<group>"; };
		F1A2E0F0247560260012728C /* ViewController.swift */ = {isa = PBXFileReference; lastKnownFileType = sourcecode.swift; path = ViewController.swift; sourceTree = "<group>"; };
		F1A2E0F3247560260012728C /* Base */ = {isa = PBXFileReference; lastKnownFileType = file.storyboard; name = Base; path = Base.lproj/Main.storyboard; sourceTree = "<group>"; };
		F1A2E0F5247560260012728C /* Assets.xcassets */ = {isa = PBXFileReference; lastKnownFileType = folder.assetcatalog; path = Assets.xcassets; sourceTree = "<group>"; };
		F1A2E0F8247560260012728C /* Base */ = {isa = PBXFileReference; lastKnownFileType = file.storyboard; name = Base; path = Base.lproj/LaunchScreen.storyboard; sourceTree = "<group>"; };
		F1A2E0FA247560260012728C /* Info.plist */ = {isa = PBXFileReference; lastKnownFileType = text.plist.xml; path = Info.plist; sourceTree = "<group>"; };
/* End PBXFileReference section */

/* Begin PBXFrameworksBuildPhase section */
		F1A2E0E8247560260012728C /* Frameworks */ = {
			isa = PBXFrameworksBuildPhase;
			buildActionMask = 2147483647;
			files = (
			);
			runOnlyForDeploymentPostprocessing = 0;
		};
/* End PBXFrameworksBuildPhase section */

/* Begin PBXGroup section */
		F1A2E0E2247560260012728C = {
			isa = PBXGroup;
			children = (
				F1A2E0ED247560260012728C /* SwiftEnable */,
				F1A2E0EC247560260012728C /* Products */,
			);
			sourceTree = "<group>";
		};
		F1A2E0EC247560260012728C /* Products */ = {
			isa = PBXGroup;
			children = (
				F1A2E0EB247560260012728C /* SwiftEnable.app */,
			);
			name = Products;
			sourceTree = "<group>";
		};
		F1A2E0ED247560260012728C /* SwiftEnable */ = {
			isa = PBXGroup;
			children = (
				F1A2E0EE247560260012728C /* AppDelegate.swift */,
				F1A2E0F0247560260012728C /* ViewController.swift */,
				F1A2E0F2247560260012728C /* Main.storyboard */,
				F1A2E0F5247560260012728C /* Assets.xcassets */,
				F1A2E0F7247560260012728C /* LaunchScreen.storyboard */,
				F1A2E0FA247560260012728C /* Info.plist */,
			);
			path = SwiftEnable;
			sourceTree = "<group>";
		};
/* End PBXGroup section */

/* Begin PBXNativeTarget section */
		F1A2E0EA247560260012728C /* SwiftEnable */ = {
			isa = PBXNativeTarget;
			buildConfigurationList = F1A2E0FD247560260012728C /* Build configuration list for PBXNativeTarget "SwiftEnable" */;
			buildPhases = (
				F1A2E0E7247560260012728C /* Sources */,
				F1A2E0E8247560260012728C /* Frameworks */,
				F1A2E0E9247560260012728C /* Resources */,
			);
			buildRules = (
			);
			dependencies = (
			);
			name = SwiftEnable;
			productName = SwiftEnable;
			productReference = F1A2E0EB247560260012728C /* SwiftEnable.app */;
			productType = "com.apple.product-type.application";
		};
/* End PBXNativeTarget section */

/* Begin PBXProject section */
		F1A2E0E3247560260012728C /* Project object */ = {
			isa = PBXProject;
			attributes = {
				LastSwiftUpdateCheck = 0720;
				LastUpgradeCheck = 0720;
				ORGANIZATIONNAME = "Damian Johns";
				TargetAttributes = {
					F1A2E0EA247560260012728C = {
						CreatedOnToolsVersion = 7.2;
						LastSwiftMigration = 0820;
					};
				};
			};
			buildConfigurationList = F1A2E0E6247560260012728C /* Build configuration list for PBXProject "SwiftEnable" */;
			compatibilityVersion = "Xcode 3.2";
			developmentRegion = English;
			hasScannedForEncodings = 0;
			knownRegions = (
				en,
				Base,
			);
			mainGroup = F1A2E0E2247560260012728C;
			productRefGroup = F1A2E0EC247560260012728C /* Products */;
			projectDirPath = "";
			projectRoot = "";
			targets = (
				F1A2E0EA247560260012728C /* SwiftEnable */,
			);
		};
/* End PBXProject section */

/* Begin PBXResourcesBuildPhase section */
		F1A2E0E9247560260012728C /* Resources */ = {
			isa = PBXResourcesBuildPhase;
			buildActionMask = 2147483647;
			files = (
				F1A2E0F9247560260012728C /* LaunchScreen.storyboard in Resources */,
				F1A2E0F6247560260012728C /* Assets.xcassets in Resources */,
				F1A2E0F4247560260012728C /* Main.storyboard in Resources */,
			);
			runOnlyForDeploymentPostprocessing = 0;
		};
/* End PBXResourcesBuildPhase section */

/* Begin PBXSourcesBuildPhase section */
		F1A2E0E7247560260012728C /* Sources */ = {
			isa = PBXSourcesBuildPhase;
			buildActionMask = 2147483647;
			files = (
				F1A2E0F1247560260012728C /* ViewController.swift in Sources */,
				F1A2E0EF247560260012728C /* AppDelegate.swift in Sources */,
			);
			runOnlyForDeploymentPostprocessing = 0;
		};
/* End PBXSourcesBuildPhase section */

/* Begin PBXVariantGroup section */
		F1A2E0F2247560260012728C /* Main.storyboard */ = {
			isa = PBXVariantGroup;
			children = (
				F1A2E0F3247560260012728C /* Base */,
			);
			name = Main.storyboard;
			sourceTree = "<group>";
		};
		F1A2E0F7247560260012728C /* LaunchScreen.storyboard */ = {
			isa = PBXVariantGroup;
			children = (
				F1A2E0F8247560260012728C /* Base */,
			);
			name = LaunchScreen.storyboard;
			sourceTree = "<group>";
		};
/* End PBXVariantGroup section */

/* Begin XCBuildConfiguration section */
		F1A2E0FB247560260012728C /* Debug */ = {
			isa = XCBuildConfiguration;
			buildSettings = {
				ALWAYS_SEARCH_USER_PATHS = NO;
				CLANG_CXX_LANGUAGE_STANDARD = "gnu++0x";
				CLANG_CXX_LIBRARY = "libc++";
				CLANG_ENABLE_MODULES = YES;
				CLANG_ENABLE_OBJC_ARC = YES;
				CLANG_WARN_BOOL_CONVERSION = YES;
				CLANG_WARN_CONSTANT_CONVERSION = YES;
				CLANG_WARN_DIRECT_OBJC_ISA_USAGE = YES_ERROR;
				CLANG_WARN_EMPTY_BODY = YES;
				CLANG_WARN_ENUM_CONVERSION = YES;
				CLANG_WARN_INT_CONVERSION = YES;
				CLANG_WARN_OBJC_ROOT_CLASS = YES_ERROR;
				CLANG_WARN_UNREACHABLE_CODE = YES;
				CLANG_WARN__DUPLICATE_METHOD_MATCH = YES;
				"CODE_SIGN_IDENTITY[sdk=iphoneos*]" = "iPhone Developer";
				COPY_PHASE_STRIP = NO;
				DEBUG_INFORMATION_FORMAT = dwarf;
				ENABLE_STRICT_OBJC_MSGSEND = YES;
				ENABLE_TESTABILITY = YES;
				GCC_C_LANGUAGE_STANDARD = gnu99;
				GCC_DYNAMIC_NO_PIC = NO;
				GCC_NO_COMMON_BLOCKS = YES;
				GCC_OPTIMIZATION_LEVEL = 0;
				GCC_PREPROCESSOR_DEFINITIONS = (
					"DEBUG=1",
					"$(inherited)",
				);
				GCC_WARN_64_TO_32_BIT_CONVERSION = YES;
				GCC_WARN_ABOUT_RETURN_TYPE = YES_ERROR;
				GCC_WARN_UNDECLARED_SELECTOR = YES;
				GCC_WARN_UNINITIALIZED_AUTOS = YES_AGGRESSIVE;
				GCC_WARN_UNUSED_FUNCTION = YES;
				GCC_WARN_UNUSED_VARIABLE = YES;
				IPHONEOS_DEPLOYMENT_TARGET = 9.2;
				MTL_ENABLE_DEBUG_INFO = YES;
				ONLY_ACTIVE_ARCH = YES;
				SDKROOT = iphoneos;
				SWIFT_OPTIMIZATION_LEVEL = "-Onone";
			};
			name = Debug;
		};
		F1A2E0FC247560260012728C /* Release */ = {
			isa = XCBuildConfiguration;
			buildSettings = {
				ALWAYS_SEARCH_USER_PATHS = NO;
				CLANG_CXX_LANGUAGE_STANDARD = "gnu++0x";
				CLANG_CXX_LIBRARY = "libc++";
				CLANG_ENABLE_MODULES = YES;
				CLANG_ENABLE_OBJC_ARC = YES;
				CLANG_WARN_BOOL_CONVERSION = YES;
				CLANG_WARN_CONSTANT_CONVERSION = YES;
				CLANG_WARN_DIRECT_OBJC_ISA_USAGE = YES_ERROR;
				CLANG_WARN_EMPTY_BODY = YES;
				CLANG_WARN_ENUM_CONVERSION = YES;
				CLANG_WARN_INT_CONVERSION = YES;
				CLANG_WARN_OBJC_ROOT_CLASS = YES_ERROR;
				CLANG_WARN_UNREACHABLE_CODE = YES;
				CLANG_WARN__DUPLICATE_METHOD_MATCH = YES;
				"CODE_SIGN_IDENTITY[sdk=iphoneos*]" = "iPhone Developer";
				COPY_PHASE_STRIP = NO;
				DEBUG_INFORMATION_FORMAT = "dwarf-with-dsym";
				ENABLE_NS_ASSERTIONS = NO;
				ENABLE_STRICT_OBJC_MSGSEND = YES;
				GCC_C_LANGUAGE_STANDARD = gnu99;
				GCC_NO_COMMON_BLOCKS = YES;
				GCC_WARN_64_TO_32_BIT_CONVERSION = YES;
				GCC_WARN_ABOUT_RETURN_TYPE = YES_ERROR;
				GCC_WARN_UNDECLARED_SELECTOR = YES;
				GCC_WARN_UNINITIALIZED_AUTOS = YES_AGGRESSIVE;
				GCC_WARN_UNUSED_FUNCTION = YES;
				GCC_WARN_UNUSED_VARIABLE = YES;
				IPHONEOS_DEPLOYMENT_TARGET = 9.2;
				MTL_ENABLE_DEBUG_INFO = NO;
				SDKROOT = iphoneos;
				VALIDATE_PRODUCT = YES;
			};
			name = Release;
		};
		F1A2E0FE247560260012728C /* Debug */ = {
			isa = XCBuildConfiguration;
			buildSettings = {
				ASSETCATALOG_COMPILER_APPICON_NAME = AppIcon;
				INFOPLIST_FILE = SwiftEnable/Info.plist;
				LD_RUNPATH_SEARCH_PATHS = "$(inherited) @executable_path/Frameworks";
				PRODUCT_BUNDLE_IDENTIFIER = com.damianjohns.SwiftEnable;
				PRODUCT_NAME = "$(TARGET_NAME)";
				SWIFT_VERSION = 3.0;
			};
			name = Debug;
		};
		F1A2E0FF247560260012728C /* Release */ = {
			isa = XCBuildConfiguration;
			buildSettings = {
				ASSETCATALOG_COMPILER_APPICON_NAME = AppIcon;
				INFOPLIST_FILE = SwiftEnable/Info.plist;
				LD_RUNPATH_SEARCH_PATHS = "$(inherited) @executable_path/Frameworks";
				PRODUCT_BUNDLE_IDENTIFIER = com.damianjohns.SwiftEnable;
				PRODUCT_NAME = "$(TARGET_NAME)";
				SWIFT_VERSION = 3.0;
			};
			name = Release;
		};
/* End XCBuildConfiguration section */

/* Begin XCConfigurationList section */
		F1A2E0E6247560260012728C /* Build configuration list for PBXProject "SwiftEnable" */ = {
			isa = XCConfigurationList;
			buildConfigurations = (
				F1A2E0FB247560260012728C /* Debug */,
				F1A2E0FC247560260012728C /* Release */,
			);
			defaultConfigurationIsVisible = 0;
			defaultConfigurationName = Release;
		};
		F1A2E0FD247560260012728C /* Build configuration list for PBXNativeTarget "SwiftEnable" */ = {
			isa = XCConfigurationList;
			buildConfigurations = (
				F1A2E0FE247560260012728C /* Debug */,
				F1A2E0FF247560260012728C /* Release */,
			);
			defaultConfigurationIsVisible = 0;
			defaultConfigurationName = Release;
		};
/* End XCConfigurationList section */
	};
	rootObject = F1A2E0E3247560260012728C /* Project object */;
}
